
Microsoft Visual Studio Solution File, Format Version 12.00
# Visual Studio Version 16
VisualStudioVersion = 16.0.30523.141
MinimumVisualStudioVersion = 10.0.40219.1
Project("{8BC9CEB8-8B4A-11D0-8D11-00A0C91BC942}") = "lab04.1", "lab04.1\lab04.1.vcxproj", "{D929FFE3-0D91-4778-B5B7-EF4A980FEE35}"
EndProject
Global
	GlobalSection(SolutionConfigurationPlatforms) = preSolution
		Debug|x64 = Debug|x64
		Debug|x86 = Debug|x86
		Release|x64 = Release|x64
		Release|x86 = Release|x86
	EndGlobalSection
	GlobalSection(ProjectConfigurationPlatforms) = postSolution
		{D929FFE3-0D91-4778-B5B7-EF4A980FEE35}.Debug|x64.ActiveCfg = Debug|x64
		{D929FFE3-0D91-4778-B5B7-EF4A980FEE35}.Debug|x64.Build.0 = Debug|x64
		{D929FFE3-0D91-4778-B5B7-EF4A980FEE35}.Debug|x86.ActiveCfg = Debug|Win32
		{D929FFE3-0D91-4778-B5B7-EF4A980FEE35}.Debug|x86.Build.0 = Debug|Win32
		{D929FFE3-0D91-4778-B5B7-EF4A980FEE35}.Release|x64.ActiveCfg = Release|x64
		{D929FFE3-0D91-4778-B5B7-EF4A980FEE35}.Release|x64.Build.0 = Release|x64
		{D929FFE3-0D91-4778-B5B7-EF4A980FEE35}.Release|x86.ActiveCfg = Release|Win32
		{D929FFE3-0D91-4778-B5B7-EF4A980FEE35}.Release|x86.Build.0 = Release|Win32
	EndGlobalSection
	GlobalSection(SolutionProperties) = preSolution
		HideSolutionNode = FALSE
	EndGlobalSection
	GlobalSection(ExtensibilityGlobals) = postSolution
		SolutionGuid = {ED26E1F6-49D5-4EB2-B478-DB4BF3D75167}
	EndGlobalSection
EndGlobal
